
Microsoft Visual Studio Solution File, Format Version 12.00
# Visual Studio Version 16
VisualStudioVersion = 16.0.28803.202
MinimumVisualStudioVersion = 10.0.40219.1
Project("{FAE04EC0-301F-11D3-BF4B-00C04F79EFBC}") = "Drill22", "Drill22.csproj", "{9A0496CF-28D3-4197-B0D5-3FAA99FC48E9}"
EndProject
Global
	GlobalSection(SolutionConfigurationPlatforms) = preSolution
		Debug|Any CPU = Debug|Any CPU
		Release|Any CPU = Release|Any CPU
	EndGlobalSection
	GlobalSection(ProjectConfigurationPlatforms) = postSolution
		{9A0496CF-28D3-4197-B0D5-3FAA99FC48E9}.Debug|Any CPU.ActiveCfg = Debug|Any CPU
		{9A0496CF-28D3-4197-B0D5-3FAA99FC48E9}.Debug|Any CPU.Build.0 = Debug|Any CPU
		{9A0496CF-28D3-4197-B0D5-3FAA99FC48E9}.Release|Any CPU.ActiveCfg = Release|Any CPU
		{9A0496CF-28D3-4197-B0D5-3FAA99FC48E9}.Release|Any CPU.Build.0 = Release|Any CPU
	EndGlobalSection
	GlobalSection(SolutionProperties) = preSolution
		HideSolutionNode = FALSE
	EndGlobalSection
	GlobalSection(ExtensibilityGlobals) = postSolution
		SolutionGuid = {4918C5E9-5351-441F-8F4C-2200A0CACE63}
	EndGlobalSection
EndGlobal
