
Microsoft Visual Studio Solution File, Format Version 12.00
# Visual Studio Version 16
VisualStudioVersion = 16.0.28803.202
MinimumVisualStudioVersion = 10.0.40219.1
Project("{FAE04EC0-301F-11D3-BF4B-00C04F79EFBC}") = "Drill27", "Drill27.csproj", "{8789137D-9FBE-44F6-9901-F45911F8447C}"
EndProject
Global
	GlobalSection(SolutionConfigurationPlatforms) = preSolution
		Debug|Any CPU = Debug|Any CPU
		Release|Any CPU = Release|Any CPU
	EndGlobalSection
	GlobalSection(ProjectConfigurationPlatforms) = postSolution
		{8789137D-9FBE-44F6-9901-F45911F8447C}.Debug|Any CPU.ActiveCfg = Debug|Any CPU
		{8789137D-9FBE-44F6-9901-F45911F8447C}.Debug|Any CPU.Build.0 = Debug|Any CPU
		{8789137D-9FBE-44F6-9901-F45911F8447C}.Release|Any CPU.ActiveCfg = Release|Any CPU
		{8789137D-9FBE-44F6-9901-F45911F8447C}.Release|Any CPU.Build.0 = Release|Any CPU
	EndGlobalSection
	GlobalSection(SolutionProperties) = preSolution
		HideSolutionNode = FALSE
	EndGlobalSection
	GlobalSection(ExtensibilityGlobals) = postSolution
		SolutionGuid = {3C3490FD-4078-4A80-B7C7-190C98C44A33}
	EndGlobalSection
EndGlobal
