
Microsoft Visual Studio Solution File, Format Version 12.00
# Visual Studio Version 16
VisualStudioVersion = 16.0.28803.202
MinimumVisualStudioVersion = 10.0.40219.1
Project("{FAE04EC0-301F-11D3-BF4B-00C04F79EFBC}") = "Drill23", "Drill23.csproj", "{35A681A0-B654-4A19-8EF1-EDDFC11E3DA8}"
EndProject
Global
	GlobalSection(SolutionConfigurationPlatforms) = preSolution
		Debug|Any CPU = Debug|Any CPU
		Release|Any CPU = Release|Any CPU
	EndGlobalSection
	GlobalSection(ProjectConfigurationPlatforms) = postSolution
		{35A681A0-B654-4A19-8EF1-EDDFC11E3DA8}.Debug|Any CPU.ActiveCfg = Debug|Any CPU
		{35A681A0-B654-4A19-8EF1-EDDFC11E3DA8}.Debug|Any CPU.Build.0 = Debug|Any CPU
		{35A681A0-B654-4A19-8EF1-EDDFC11E3DA8}.Release|Any CPU.ActiveCfg = Release|Any CPU
		{35A681A0-B654-4A19-8EF1-EDDFC11E3DA8}.Release|Any CPU.Build.0 = Release|Any CPU
	EndGlobalSection
	GlobalSection(SolutionProperties) = preSolution
		HideSolutionNode = FALSE
	EndGlobalSection
	GlobalSection(ExtensibilityGlobals) = postSolution
		SolutionGuid = {D90BA6BC-E61C-46B5-B46D-2688C0015293}
	EndGlobalSection
EndGlobal
