
Microsoft Visual Studio Solution File, Format Version 12.00
# Visual Studio Version 16
VisualStudioVersion = 16.0.28803.202
MinimumVisualStudioVersion = 10.0.40219.1
Project("{FAE04EC0-301F-11D3-BF4B-00C04F79EFBC}") = "Drill21", "Drill21.csproj", "{0836146F-28E6-49CB-A42B-DAF619459689}"
EndProject
Global
	GlobalSection(SolutionConfigurationPlatforms) = preSolution
		Debug|Any CPU = Debug|Any CPU
		Release|Any CPU = Release|Any CPU
	EndGlobalSection
	GlobalSection(ProjectConfigurationPlatforms) = postSolution
		{0836146F-28E6-49CB-A42B-DAF619459689}.Debug|Any CPU.ActiveCfg = Debug|Any CPU
		{0836146F-28E6-49CB-A42B-DAF619459689}.Debug|Any CPU.Build.0 = Debug|Any CPU
		{0836146F-28E6-49CB-A42B-DAF619459689}.Release|Any CPU.ActiveCfg = Release|Any CPU
		{0836146F-28E6-49CB-A42B-DAF619459689}.Release|Any CPU.Build.0 = Release|Any CPU
	EndGlobalSection
	GlobalSection(SolutionProperties) = preSolution
		HideSolutionNode = FALSE
	EndGlobalSection
	GlobalSection(ExtensibilityGlobals) = postSolution
		SolutionGuid = {5F5A2EE7-5415-41A5-87C7-1553D44ACB1A}
	EndGlobalSection
EndGlobal
